
Microsoft Visual Studio Solution File, Format Version 12.00
# Visual Studio Version 17
VisualStudioVersion = 17.4.33205.214
MinimumVisualStudioVersion = 10.0.40219.1
Project("{FAE04EC0-301F-11D3-BF4B-00C04F79EFBC}") = "EpicGameUploader", "EpicGameUploader.csproj", "{566A26C2-13D0-4FB3-8466-D4DF959C11C8}"
EndProject
Global
	GlobalSection(SolutionConfigurationPlatforms) = preSolution
		Debug|Any CPU = Debug|Any CPU
		Release|Any CPU = Release|Any CPU
	EndGlobalSection
	GlobalSection(ProjectConfigurationPlatforms) = postSolution
		{566A26C2-13D0-4FB3-8466-D4DF959C11C8}.Debug|Any CPU.ActiveCfg = Release|Any CPU
		{566A26C2-13D0-4FB3-8466-D4DF959C11C8}.Debug|Any CPU.Build.0 = Release|Any CPU
		{566A26C2-13D0-4FB3-8466-D4DF959C11C8}.Release|Any CPU.ActiveCfg = Release|Any CPU
		{566A26C2-13D0-4FB3-8466-D4DF959C11C8}.Release|Any CPU.Build.0 = Release|Any CPU
	EndGlobalSection
	GlobalSection(SolutionProperties) = preSolution
		HideSolutionNode = FALSE
	EndGlobalSection
	GlobalSection(ExtensibilityGlobals) = postSolution
		SolutionGuid = {BBE822BF-AA97-4475-806D-E3712358E9FC}
	EndGlobalSection
EndGlobal
